
Microsoft Visual Studio Solution File, Format Version 12.00
# Visual Studio Version 16
VisualStudioVersion = 16.0.30717.126
MinimumVisualStudioVersion = 10.0.40219.1
Project("{2150E333-8FDC-42A3-9474-1A3956D46DE8}") = "TaxaJuros", "TaxaJuros", "{65592303-2470-4EBD-87ED-B7C41B1D7B1B}"
EndProject
Project("{2150E333-8FDC-42A3-9474-1A3956D46DE8}") = "Api", "Api", "{EBE24F63-62EF-4F3C-B5F6-1C489728560E}"
EndProject
Project("{2150E333-8FDC-42A3-9474-1A3956D46DE8}") = "Test", "Test", "{59A94229-BD42-4053-BFF6-4B8BC775A273}"
EndProject
Project("{FAE04EC0-301F-11D3-BF4B-00C04F79EFBC}") = "TaxaJutosApi", "TaxaJutosApi\TaxaJutosApi.csproj", "{3D6C8063-0FC7-43AD-AA87-25DCC19ACAAE}"
EndProject
Project("{FAE04EC0-301F-11D3-BF4B-00C04F79EFBC}") = "TesteApiTaxaJuros", "TesteApiTaxaJuros\TesteApiTaxaJuros.csproj", "{622E6514-F32D-4999-8F79-98F1A5F9C632}"
EndProject
Project("{2150E333-8FDC-42A3-9474-1A3956D46DE8}") = "CalcularJuros", "CalcularJuros", "{89FAB04D-E18A-41FC-8647-D48AEFB93A59}"
EndProject
Project("{FAE04EC0-301F-11D3-BF4B-00C04F79EFBC}") = "CalculadoraTaxaJurosApi", "CalculadoraTaxaJurosApi\CalculadoraTaxaJurosApi.csproj", "{2F7BA6AD-385D-4206-B1A1-CB9327AED3B1}"
EndProject
Project("{2150E333-8FDC-42A3-9474-1A3956D46DE8}") = "Api", "Api", "{317C8F3C-7362-4C1A-BBEA-702DF10DE96A}"
EndProject
Project("{2150E333-8FDC-42A3-9474-1A3956D46DE8}") = "Test", "Test", "{1604F7A4-401A-4083-A35A-440674EFBE85}"
EndProject
Global
	GlobalSection(SolutionConfigurationPlatforms) = preSolution
		Debug|Any CPU = Debug|Any CPU
		Release|Any CPU = Release|Any CPU
	EndGlobalSection
	GlobalSection(ProjectConfigurationPlatforms) = postSolution
		{3D6C8063-0FC7-43AD-AA87-25DCC19ACAAE}.Debug|Any CPU.ActiveCfg = Debug|Any CPU
		{3D6C8063-0FC7-43AD-AA87-25DCC19ACAAE}.Debug|Any CPU.Build.0 = Debug|Any CPU
		{3D6C8063-0FC7-43AD-AA87-25DCC19ACAAE}.Release|Any CPU.ActiveCfg = Release|Any CPU
		{3D6C8063-0FC7-43AD-AA87-25DCC19ACAAE}.Release|Any CPU.Build.0 = Release|Any CPU
		{622E6514-F32D-4999-8F79-98F1A5F9C632}.Debug|Any CPU.ActiveCfg = Debug|Any CPU
		{622E6514-F32D-4999-8F79-98F1A5F9C632}.Debug|Any CPU.Build.0 = Debug|Any CPU
		{622E6514-F32D-4999-8F79-98F1A5F9C632}.Release|Any CPU.ActiveCfg = Release|Any CPU
		{622E6514-F32D-4999-8F79-98F1A5F9C632}.Release|Any CPU.Build.0 = Release|Any CPU
		{2F7BA6AD-385D-4206-B1A1-CB9327AED3B1}.Debug|Any CPU.ActiveCfg = Debug|Any CPU
		{2F7BA6AD-385D-4206-B1A1-CB9327AED3B1}.Debug|Any CPU.Build.0 = Debug|Any CPU
		{2F7BA6AD-385D-4206-B1A1-CB9327AED3B1}.Release|Any CPU.ActiveCfg = Release|Any CPU
		{2F7BA6AD-385D-4206-B1A1-CB9327AED3B1}.Release|Any CPU.Build.0 = Release|Any CPU
	EndGlobalSection
	GlobalSection(SolutionProperties) = preSolution
		HideSolutionNode = FALSE
	EndGlobalSection
	GlobalSection(NestedProjects) = preSolution
		{EBE24F63-62EF-4F3C-B5F6-1C489728560E} = {65592303-2470-4EBD-87ED-B7C41B1D7B1B}
		{59A94229-BD42-4053-BFF6-4B8BC775A273} = {65592303-2470-4EBD-87ED-B7C41B1D7B1B}
		{3D6C8063-0FC7-43AD-AA87-25DCC19ACAAE} = {EBE24F63-62EF-4F3C-B5F6-1C489728560E}
		{622E6514-F32D-4999-8F79-98F1A5F9C632} = {59A94229-BD42-4053-BFF6-4B8BC775A273}
		{2F7BA6AD-385D-4206-B1A1-CB9327AED3B1} = {317C8F3C-7362-4C1A-BBEA-702DF10DE96A}
		{317C8F3C-7362-4C1A-BBEA-702DF10DE96A} = {89FAB04D-E18A-41FC-8647-D48AEFB93A59}
		{1604F7A4-401A-4083-A35A-440674EFBE85} = {89FAB04D-E18A-41FC-8647-D48AEFB93A59}
	EndGlobalSection
	GlobalSection(ExtensibilityGlobals) = postSolution
		SolutionGuid = {F41ACD19-D0E0-4E16-BE52-0BC446BA10B5}
	EndGlobalSection
EndGlobal
